
Microsoft Visual Studio Solution File, Format Version 10.00
# Visual Studio 2008
Project("{FAE04EC0-301F-11D3-BF4B-00C04F79EFBC}") = "Claro Shader", "Claro Shader\Claro Shader.csproj", "{B21147AD-7A4C-40C4-8DC2-B8011BDD413F}"
EndProject
Project("{FAE04EC0-301F-11D3-BF4B-00C04F79EFBC}") = "Claro Shader Core", "Claro Shader Core\Claro Shader Core.csproj", "{E05C7608-29E3-4C06-95F1-337D65B9131D}"
EndProject
Project("{FAE04EC0-301F-11D3-BF4B-00C04F79EFBC}") = "Core", "Claro Shader Core\libs\Core\Core.csproj", "{631AC093-430F-45F4-BA0C-AF0F0405918A}"
EndProject
Project("{FAE04EC0-301F-11D3-BF4B-00C04F79EFBC}") = "Imaging", "Claro Shader Core\libs\Imaging\Imaging.csproj", "{C6A8B9AE-0749-41C7-8FF9-02C156696F45}"
EndProject
Project("{FAE04EC0-301F-11D3-BF4B-00C04F79EFBC}") = "Math", "Claro Shader Core\libs\Math\Math.csproj", "{C0FAF524-72E4-46F7-8C1B-A6B74DEC5EBE}"
EndProject
Project("{FAE04EC0-301F-11D3-BF4B-00C04F79EFBC}") = "Claro Shader CLI", "Claro Shader CLI\Claro Shader CLI.csproj", "{DA99AF25-11AD-442E-99C5-C5255703A281}"
EndProject
Global
	GlobalSection(SolutionConfigurationPlatforms) = preSolution
		Debug|Any CPU = Debug|Any CPU
		Mono_Debug|Any CPU = Mono_Debug|Any CPU
		Mono_Release|Any CPU = Mono_Release|Any CPU
		Release|Any CPU = Release|Any CPU
	EndGlobalSection
	GlobalSection(ProjectConfigurationPlatforms) = postSolution
		{B21147AD-7A4C-40C4-8DC2-B8011BDD413F}.Debug|Any CPU.ActiveCfg = Debug|Any CPU
		{B21147AD-7A4C-40C4-8DC2-B8011BDD413F}.Debug|Any CPU.Build.0 = Debug|Any CPU
		{B21147AD-7A4C-40C4-8DC2-B8011BDD413F}.Mono_Debug|Any CPU.ActiveCfg = Mono_Debug|Any CPU
		{B21147AD-7A4C-40C4-8DC2-B8011BDD413F}.Mono_Debug|Any CPU.Build.0 = Mono_Debug|Any CPU
		{B21147AD-7A4C-40C4-8DC2-B8011BDD413F}.Mono_Release|Any CPU.ActiveCfg = Mono_Release|Any CPU
		{B21147AD-7A4C-40C4-8DC2-B8011BDD413F}.Mono_Release|Any CPU.Build.0 = Mono_Release|Any CPU
		{B21147AD-7A4C-40C4-8DC2-B8011BDD413F}.Release|Any CPU.ActiveCfg = Release|Any CPU
		{B21147AD-7A4C-40C4-8DC2-B8011BDD413F}.Release|Any CPU.Build.0 = Release|Any CPU
		{E05C7608-29E3-4C06-95F1-337D65B9131D}.Debug|Any CPU.ActiveCfg = Debug|Any CPU
		{E05C7608-29E3-4C06-95F1-337D65B9131D}.Debug|Any CPU.Build.0 = Debug|Any CPU
		{E05C7608-29E3-4C06-95F1-337D65B9131D}.Mono_Debug|Any CPU.ActiveCfg = Mono_Debug|Any CPU
		{E05C7608-29E3-4C06-95F1-337D65B9131D}.Mono_Debug|Any CPU.Build.0 = Mono_Debug|Any CPU
		{E05C7608-29E3-4C06-95F1-337D65B9131D}.Mono_Release|Any CPU.ActiveCfg = Mono_Release|Any CPU
		{E05C7608-29E3-4C06-95F1-337D65B9131D}.Mono_Release|Any CPU.Build.0 = Mono_Release|Any CPU
		{E05C7608-29E3-4C06-95F1-337D65B9131D}.Release|Any CPU.ActiveCfg = Release|Any CPU
		{E05C7608-29E3-4C06-95F1-337D65B9131D}.Release|Any CPU.Build.0 = Release|Any CPU
		{631AC093-430F-45F4-BA0C-AF0F0405918A}.Debug|Any CPU.ActiveCfg = Debug|Any CPU
		{631AC093-430F-45F4-BA0C-AF0F0405918A}.Debug|Any CPU.Build.0 = Debug|Any CPU
		{631AC093-430F-45F4-BA0C-AF0F0405918A}.Mono_Debug|Any CPU.ActiveCfg = Mono_Debug|Any CPU
		{631AC093-430F-45F4-BA0C-AF0F0405918A}.Mono_Debug|Any CPU.Build.0 = Mono_Debug|Any CPU
		{631AC093-430F-45F4-BA0C-AF0F0405918A}.Mono_Release|Any CPU.ActiveCfg = Mono_Release|Any CPU
		{631AC093-430F-45F4-BA0C-AF0F0405918A}.Mono_Release|Any CPU.Build.0 = Mono_Release|Any CPU
		{631AC093-430F-45F4-BA0C-AF0F0405918A}.Release|Any CPU.ActiveCfg = Release|Any CPU
		{631AC093-430F-45F4-BA0C-AF0F0405918A}.Release|Any CPU.Build.0 = Release|Any CPU
		{C6A8B9AE-0749-41C7-8FF9-02C156696F45}.Debug|Any CPU.ActiveCfg = Debug|Any CPU
		{C6A8B9AE-0749-41C7-8FF9-02C156696F45}.Debug|Any CPU.Build.0 = Debug|Any CPU
		{C6A8B9AE-0749-41C7-8FF9-02C156696F45}.Mono_Debug|Any CPU.ActiveCfg = Mono_Debug|Any CPU
		{C6A8B9AE-0749-41C7-8FF9-02C156696F45}.Mono_Debug|Any CPU.Build.0 = Mono_Debug|Any CPU
		{C6A8B9AE-0749-41C7-8FF9-02C156696F45}.Mono_Release|Any CPU.ActiveCfg = Mono_Release|Any CPU
		{C6A8B9AE-0749-41C7-8FF9-02C156696F45}.Mono_Release|Any CPU.Build.0 = Mono_Release|Any CPU
		{C6A8B9AE-0749-41C7-8FF9-02C156696F45}.Release|Any CPU.ActiveCfg = Release|Any CPU
		{C6A8B9AE-0749-41C7-8FF9-02C156696F45}.Release|Any CPU.Build.0 = Release|Any CPU
		{C0FAF524-72E4-46F7-8C1B-A6B74DEC5EBE}.Debug|Any CPU.ActiveCfg = Debug|Any CPU
		{C0FAF524-72E4-46F7-8C1B-A6B74DEC5EBE}.Debug|Any CPU.Build.0 = Debug|Any CPU
		{C0FAF524-72E4-46F7-8C1B-A6B74DEC5EBE}.Mono_Debug|Any CPU.ActiveCfg = Mono_Debug|Any CPU
		{C0FAF524-72E4-46F7-8C1B-A6B74DEC5EBE}.Mono_Debug|Any CPU.Build.0 = Mono_Debug|Any CPU
		{C0FAF524-72E4-46F7-8C1B-A6B74DEC5EBE}.Mono_Release|Any CPU.ActiveCfg = Mono_Release|Any CPU
		{C0FAF524-72E4-46F7-8C1B-A6B74DEC5EBE}.Mono_Release|Any CPU.Build.0 = Mono_Release|Any CPU
		{C0FAF524-72E4-46F7-8C1B-A6B74DEC5EBE}.Release|Any CPU.ActiveCfg = Release|Any CPU
		{C0FAF524-72E4-46F7-8C1B-A6B74DEC5EBE}.Release|Any CPU.Build.0 = Release|Any CPU
		{DA99AF25-11AD-442E-99C5-C5255703A281}.Debug|Any CPU.ActiveCfg = Debug|Any CPU
		{DA99AF25-11AD-442E-99C5-C5255703A281}.Debug|Any CPU.Build.0 = Debug|Any CPU
		{DA99AF25-11AD-442E-99C5-C5255703A281}.Mono_Debug|Any CPU.ActiveCfg = Mono_Debug|Any CPU
		{DA99AF25-11AD-442E-99C5-C5255703A281}.Mono_Debug|Any CPU.Build.0 = Mono_Debug|Any CPU
		{DA99AF25-11AD-442E-99C5-C5255703A281}.Mono_Release|Any CPU.ActiveCfg = Mono_Release|Any CPU
		{DA99AF25-11AD-442E-99C5-C5255703A281}.Mono_Release|Any CPU.Build.0 = Mono_Release|Any CPU
		{DA99AF25-11AD-442E-99C5-C5255703A281}.Release|Any CPU.ActiveCfg = Release|Any CPU
		{DA99AF25-11AD-442E-99C5-C5255703A281}.Release|Any CPU.Build.0 = Release|Any CPU
	EndGlobalSection
	GlobalSection(SolutionProperties) = preSolution
		HideSolutionNode = FALSE
	EndGlobalSection
EndGlobal
